
Microsoft Visual Studio Solution File, Format Version 12.00
# Visual Studio Version 16
VisualStudioVersion = 16.0.30413.136
MinimumVisualStudioVersion = 10.0.40219.1
Project("{888888A0-9F3D-457C-B088-3A5042F75D52}") = "界面", "界面.pyproj", "{8A833D52-6086-43BB-9048-86B95F3687A1}"
EndProject
Global
	GlobalSection(SolutionConfigurationPlatforms) = preSolution
		Debug|Any CPU = Debug|Any CPU
		Release|Any CPU = Release|Any CPU
	EndGlobalSection
	GlobalSection(ProjectConfigurationPlatforms) = postSolution
		{8A833D52-6086-43BB-9048-86B95F3687A1}.Debug|Any CPU.ActiveCfg = Debug|Any CPU
		{8A833D52-6086-43BB-9048-86B95F3687A1}.Release|Any CPU.ActiveCfg = Release|Any CPU
	EndGlobalSection
	GlobalSection(SolutionProperties) = preSolution
		HideSolutionNode = FALSE
	EndGlobalSection
	GlobalSection(ExtensibilityGlobals) = postSolution
		SolutionGuid = {A45B13E1-6A3D-44AA-87D0-A56CBFBB1D70}
	EndGlobalSection
EndGlobal
